// !$*UTF8*$!
{
	archiveVersion = 1;
	classes = {
	};
	objectVersion = 48;
	objects = {

/* Begin PBXBuildFile section */
		ECAC5B3A1F85E1E500AE7C44 /* AppDelegate.swift in Sources */ = {isa = PBXBuildFile; fileRef = ECAC5B391F85E1E500AE7C44 /* AppDelegate.swift */; };
		ECAC5B3C1F85E1E500AE7C44 /* ViewController.swift in Sources */ = {isa = PBXBuildFile; fileRef = ECAC5B3B1F85E1E500AE7C44 /* ViewController.swift */; };
		ECAC5B3F1F85E1E500AE7C44 /* Main.storyboard in Resources */ = {isa = PBXBuildFile; fileRef = ECAC5B3D1F85E1E500AE7C44 /* Main.storyboard */; };
		ECAC5B411F85E1E500AE7C44 /* Assets.xcassets in Resources */ = {isa = PBXBuildFile; fileRef = ECAC5B401F85E1E500AE7C44 /* Assets.xcassets */; };
		ECAC5B441F85E1E500AE7C44 /* LaunchScreen.storyboard in Resources */ = {isa = PBXBuildFile; fileRef = ECAC5B421F85E1E500AE7C44 /* LaunchScreen.storyboard */; };
/* End PBXBuildFile section */

/* Begin PBXFileReference section */
		ECAC5B361F85E1E500AE7C44 /* Hello-iOS.app */ = {isa = PBXFileReference; explicitFileType = wrapper.application; includeInIndex = 0; path = "Hello-iOS.app"; sourceTree = BUILT_PRODUCTS_DIR; };
		ECAC5B391F85E1E500AE7C44 /* AppDelegate.swift */ = {isa = PBXFileReference; lastKnownFileType = sourcecode.swift; path = AppDelegate.swift; sourceTree = "<group>"; };
		ECAC5B3B1F85E1E500AE7C44 /* ViewController.swift */ = {isa = PBXFileReference; lastKnownFileType = sourcecode.swift; path = ViewController.swift; sourceTree = "<group>"; };
		ECAC5B3E1F85E1E500AE7C44 /* Base */ = {isa = PBXFileReference; lastKnownFileType = file.storyboard; name = Base; path = Base.lproj/Main.storyboard; sourceTree = "<group>"; };
		ECAC5B401F85E1E500AE7C44 /* Assets.xcassets */ = {isa = PBXFileReference; lastKnownFileType = folder.assetcatalog; path = Assets.xcassets; sourceTree = "<group>"; };
		ECAC5B431F85E1E500AE7C44 /* Base */ = {isa = PBXFileReference; lastKnownFileType = file.storyboard; name = Base; path = Base.lproj/LaunchScreen.storyboard; sourceTree = "<group>"; };
		ECAC5B451F85E1E500AE7C44 /* Info.plist */ = {isa = PBXFileReference; lastKnownFileType = text.plist.xml; path = Info.plist; sourceTree = "<group>"; };
/* End PBXFileReference section */

/* Begin PBXFrameworksBuildPhase section */
		ECAC5B331F85E1E500AE7C44 /* Frameworks */ = {
			isa = PBXFrameworksBuildPhase;
			buildActionMask = 2147483647;
			files = (
			);
			runOnlyForDeploymentPostprocessing = 0;
		};
/* End PBXFrameworksBuildPhase section */

/* Begin PBXGroup section */
		ECAC5B2D1F85E1E500AE7C44 = {
			isa = PBXGroup;
			children = (
				ECAC5B381F85E1E500AE7C44 /* Hello-iOS */,
				ECAC5B371F85E1E500AE7C44 /* Products */,
			);
			sourceTree = "<group>";
		};
		ECAC5B371F85E1E500AE7C44 /* Products */ = {
			isa = PBXGroup;
			children = (
				ECAC5B361F85E1E500AE7C44 /* Hello-iOS.app */,
			);
			name = Products;
			sourceTree = "<group>";
		};
		ECAC5B381F85E1E500AE7C44 /* Hello-iOS */ = {
			isa = PBXGroup;
			children = (
				ECAC5B391F85E1E500AE7C44 /* AppDelegate.swift */,
				ECAC5B3B1F85E1E500AE7C44 /* ViewController.swift */,
				ECAC5B3D1F85E1E500AE7C44 /* Main.storyboard */,
				ECAC5B401F85E1E500AE7C44 /* Assets.xcassets */,
				ECAC5B421F85E1E500AE7C44 /* LaunchScreen.storyboard */,
				ECAC5B451F85E1E500AE7C44 /* Info.plist */,
			);
			path = "Hello-iOS";
			sourceTree = "<group>";
		};
/* End PBXGroup section */

/* Begin PBXNativeTarget section */
		ECAC5B351F85E1E500AE7C44 /* Hello-iOS */ = {
			isa = PBXNativeTarget;
			buildConfigurationList = ECAC5B481F85E1E500AE7C44 /* Build configuration list for PBXNativeTarget "Hello-iOS" */;
			buildPhases = (
				ECAC5B321F85E1E500AE7C44 /* Sources */,
				ECAC5B331F85E1E500AE7C44 /* Frameworks */,
				ECAC5B341F85E1E500AE7C44 /* Resources */,
			);
			buildRules = (
			);
			dependencies = (
			);
			name = "Hello-iOS";
			productName = "Hello-iOS";
			productReference = ECAC5B361F85E1E500AE7C44 /* Hello-iOS.app */;
			productType = "com.apple.product-type.application";
		};
/* End PBXNativeTarget section */

/* Begin PBXProject section */
		ECAC5B2E1F85E1E500AE7C44 /* Project object */ = {
			isa = PBXProject;
			attributes = {
				LastSwiftUpdateCheck = 0900;
				LastUpgradeCheck = 0900;
				ORGANIZATIONNAME = "Xinyi Wang";
				TargetAttributes = {
					ECAC5B351F85E1E500AE7C44 = {
						CreatedOnToolsVersion = 9.0;
						ProvisioningStyle = Automatic;
					};
				};
			};
			buildConfigurationList = ECAC5B311F85E1E500AE7C44 /* Build configuration list for PBXProject "Hello-iOS" */;
			compatibilityVersion = "Xcode 8.0";
			developmentRegion = en;
			hasScannedForEncodings = 0;
			knownRegions = (
				en,
				Base,
			);
			mainGroup = ECAC5B2D1F85E1E500AE7C44;
			productRefGroup = ECAC5B371F85E1E500AE7C44 /* Products */;
			projectDirPath = "";
			projectRoot = "";
			targets = (
				ECAC5B351F85E1E500AE7C44 /* Hello-iOS */,
			);
		};
/* End PBXProject section */

/* Begin PBXResourcesBuildPhase section */
		ECAC5B341F85E1E500AE7C44 /* Resources */ = {
			isa = PBXResourcesBuildPhase;
			buildActionMask = 2147483647;
			files = (
				ECAC5B441F85E1E500AE7C44 /* LaunchScreen.storyboard in Resources */,
				ECAC5B411F85E1E500AE7C44 /* Assets.xcassets in Resources */,
				ECAC5B3F1F85E1E500AE7C44 /* Main.storyboard in Resources */,
			);
			runOnlyForDeploymentPostprocessing = 0;
		};
/* End PBXResourcesBuildPhase section */

/* Begin PBXSourcesBuildPhase section */
		ECAC5B321F85E1E500AE7C44 /* Sources */ = {
			isa = PBXSourcesBuildPhase;
			buildActionMask = 2147483647;
			files = (
				ECAC5B3C1F85E1E500AE7C44 /* ViewController.swift in Sources */,
				ECAC5B3A1F85E1E500AE7C44 /* AppDelegate.swift in Sources */,
			);
			runOnlyForDeploymentPostprocessing = 0;
		};
/* End PBXSourcesBuildPhase section */

/* Begin PBXVariantGroup section */
		ECAC5B3D1F85E1E500AE7C44 /* Main.storyboard */ = {
			isa = PBXVariantGroup;
			children = (
				ECAC5B3E1F85E1E500AE7C44 /* Base */,
			);
			name = Main.storyboard;
			sourceTree = "<group>";
		};
		ECAC5B421F85E1E500AE7C44 /* LaunchScreen.storyboard */ = {
			isa = PBXVariantGroup;
			children = (
				ECAC5B431F85E1E500AE7C44 /* Base */,
			);
			name = LaunchScreen.storyboard;
			sourceTree = "<group>";
		};
/* End PBXVariantGroup section */

/* Begin XCBuildConfiguration section */
		ECAC5B461F85E1E500AE7C44 /* Debug */ = {
			isa = XCBuildConfiguration;
			buildSettings = {
				ALWAYS_SEARCH_USER_PATHS = NO;
				CLANG_ANALYZER_NONNULL = YES;
				CLANG_ANALYZER_NUMBER_OBJECT_CONVERSION = YES_AGGRESSIVE;
				CLANG_CXX_LANGUAGE_STANDARD = "gnu++14";
				CLANG_CXX_LIBRARY = "libc++";
				CLANG_ENABLE_MODULES = YES;
				CLANG_ENABLE_OBJC_ARC = YES;
				CLANG_WARN_BLOCK_CAPTURE_AUTORELEASING = YES;
				CLANG_WARN_BOOL_CONVERSION = YES;
				CLANG_WARN_COMMA = YES;
				CLANG_WARN_CONSTANT_CONVERSION = YES;
				CLANG_WARN_DIRECT_OBJC_ISA_USAGE = YES_ERROR;
				CLANG_WARN_DOCUMENTATION_COMMENTS = YES;
				CLANG_WARN_EMPTY_BODY = YES;
				CLANG_WARN_ENUM_CONVERSION = YES;
				CLANG_WARN_INFINITE_RECURSION = YES;
				CLANG_WARN_INT_CONVERSION = YES;
				CLANG_WARN_NON_LITERAL_NULL_CONVERSION = YES;
				CLANG_WARN_OBJC_LITERAL_CONVERSION = YES;
				CLANG_WARN_OBJC_ROOT_CLASS = YES_ERROR;
				CLANG_WARN_RANGE_LOOP_ANALYSIS = YES;
				CLANG_WARN_STRICT_PROTOTYPES = YES;
				CLANG_WARN_SUSPICIOUS_MOVE = YES;
				CLANG_WARN_UNGUARDED_AVAILABILITY = YES_AGGRESSIVE;
				CLANG_WARN_UNREACHABLE_CODE = YES;
				CLANG_WARN__DUPLICATE_METHOD_MATCH = YES;
				CODE_SIGN_IDENTITY = "iPhone Developer";
				COPY_PHASE_STRIP = NO;
				DEBUG_INFORMATION_FORMAT = dwarf;
				ENABLE_STRICT_OBJC_MSGSEND = YES;
				ENABLE_TESTABILITY = YES;
				GCC_C_LANGUAGE_STANDARD = gnu11;
				GCC_DYNAMIC_NO_PIC = NO;
				GCC_NO_COMMON_BLOCKS = YES;
				GCC_OPTIMIZATION_LEVEL = 0;
				GCC_PREPROCESSOR_DEFINITIONS = (
					"DEBUG=1",
					"$(inherited)",
				);
				GCC_WARN_64_TO_32_BIT_CONVERSION = YES;
				GCC_WARN_ABOUT_RETURN_TYPE = YES_ERROR;
				GCC_WARN_UNDECLARED_SELECTOR = YES;
				GCC_WARN_UNINITIALIZED_AUTOS = YES_AGGRESSIVE;
				GCC_WARN_UNUSED_FUNCTION = YES;
				GCC_WARN_UNUSED_VARIABLE = YES;
				IPHONEOS_DEPLOYMENT_TARGET = 11.0;
				MTL_ENABLE_DEBUG_INFO = YES;
				ONLY_ACTIVE_ARCH = YES;
				SDKROOT = iphoneos;
				SWIFT_ACTIVE_COMPILATION_CONDITIONS = DEBUG;
				SWIFT_OPTIMIZATION_LEVEL = "-Onone";
			};
			name = Debug;
		};
		ECAC5B471F85E1E500AE7C44 /* Release */ = {
			isa = XCBuildConfiguration;
			buildSettings = {
				ALWAYS_SEARCH_USER_PATHS = NO;
				CLANG_ANALYZER_NONNULL = YES;
				CLANG_ANALYZER_NUMBER_OBJECT_CONVERSION = YES_AGGRESSIVE;
				CLANG_CXX_LANGUAGE_STANDARD = "gnu++14";
				CLANG_CXX_LIBRARY = "libc++";
				CLANG_ENABLE_MODULES = YES;
				CLANG_ENABLE_OBJC_ARC = YES;
				CLANG_WARN_BLOCK_CAPTURE_AUTORELEASING = YES;
				CLANG_WARN_BOOL_CONVERSION = YES;
				CLANG_WARN_COMMA = YES;
				CLANG_WARN_CONSTANT_CONVERSION = YES;
				CLANG_WARN_DIRECT_OBJC_ISA_USAGE = YES_ERROR;
				CLANG_WARN_DOCUMENTATION_COMMENTS = YES;
				CLANG_WARN_EMPTY_BODY = YES;
				CLANG_WARN_ENUM_CONVERSION = YES;
				CLANG_WARN_INFINITE_RECURSION = YES;
				CLANG_WARN_INT_CONVERSION = YES;
				CLANG_WARN_NON_LITERAL_NULL_CONVERSION = YES;
				CLANG_WARN_OBJC_LITERAL_CONVERSION = YES;
				CLANG_WARN_OBJC_ROOT_CLASS = YES_ERROR;
				CLANG_WARN_RANGE_LOOP_ANALYSIS = YES;
				CLANG_WARN_STRICT_PROTOTYPES = YES;
				CLANG_WARN_SUSPICIOUS_MOVE = YES;
				CLANG_WARN_UNGUARDED_AVAILABILITY = YES_AGGRESSIVE;
				CLANG_WARN_UNREACHABLE_CODE = YES;
				CLANG_WARN__DUPLICATE_METHOD_MATCH = YES;
				CODE_SIGN_IDENTITY = "iPhone Developer";
				COPY_PHASE_STRIP = NO;
				DEBUG_INFORMATION_FORMAT = "dwarf-with-dsym";
				ENABLE_NS_ASSERTIONS = NO;
				ENABLE_STRICT_OBJC_MSGSEND = YES;
				GCC_C_LANGUAGE_STANDARD = gnu11;
				GCC_NO_COMMON_BLOCKS = YES;
				GCC_WARN_64_TO_32_BIT_CONVERSION = YES;
				GCC_WARN_ABOUT_RETURN_TYPE = YES_ERROR;
				GCC_WARN_UNDECLARED_SELECTOR = YES;
				GCC_WARN_UNINITIALIZED_AUTOS = YES_AGGRESSIVE;
				GCC_WARN_UNUSED_FUNCTION = YES;
				GCC_WARN_UNUSED_VARIABLE = YES;
				IPHONEOS_DEPLOYMENT_TARGET = 11.0;
				MTL_ENABLE_DEBUG_INFO = NO;
				SDKROOT = iphoneos;
				SWIFT_OPTIMIZATION_LEVEL = "-Owholemodule";
				VALIDATE_PRODUCT = YES;
			};
			name = Release;
		};
		ECAC5B491F85E1E500AE7C44 /* Debug */ = {
			isa = XCBuildConfiguration;
			buildSettings = {
				ASSETCATALOG_COMPILER_APPICON_NAME = AppIcon;
				CODE_SIGN_STYLE = Automatic;
				DEVELOPMENT_TEAM = VUL5DTPJQE;
				INFOPLIST_FILE = "Hello-iOS/Info.plist";
				LD_RUNPATH_SEARCH_PATHS = "$(inherited) @executable_path/Frameworks";
				PRODUCT_BUNDLE_IDENTIFIER = "wxy.elaine.uw.Hello-iOS";
				PRODUCT_NAME = "$(TARGET_NAME)";
				SWIFT_VERSION = 4.0;
				TARGETED_DEVICE_FAMILY = "1,2";
			};
			name = Debug;
		};
		ECAC5B4A1F85E1E500AE7C44 /* Release */ = {
			isa = XCBuildConfiguration;
			buildSettings = {
				ASSETCATALOG_COMPILER_APPICON_NAME = AppIcon;
				CODE_SIGN_STYLE = Automatic;
				DEVELOPMENT_TEAM = VUL5DTPJQE;
				INFOPLIST_FILE = "Hello-iOS/Info.plist";
				LD_RUNPATH_SEARCH_PATHS = "$(inherited) @executable_path/Frameworks";
				PRODUCT_BUNDLE_IDENTIFIER = "wxy.elaine.uw.Hello-iOS";
				PRODUCT_NAME = "$(TARGET_NAME)";
				SWIFT_VERSION = 4.0;
				TARGETED_DEVICE_FAMILY = "1,2";
			};
			name = Release;
		};
/* End XCBuildConfiguration section */

/* Begin XCConfigurationList section */
		ECAC5B311F85E1E500AE7C44 /* Build configuration list for PBXProject "Hello-iOS" */ = {
			isa = XCConfigurationList;
			buildConfigurations = (
				ECAC5B461F85E1E500AE7C44 /* Debug */,
				ECAC5B471F85E1E500AE7C44 /* Release */,
			);
			defaultConfigurationIsVisible = 0;
			defaultConfigurationName = Release;
		};
		ECAC5B481F85E1E500AE7C44 /* Build configuration list for PBXNativeTarget "Hello-iOS" */ = {
			isa = XCConfigurationList;
			buildConfigurations = (
				ECAC5B491F85E1E500AE7C44 /* Debug */,
				ECAC5B4A1F85E1E500AE7C44 /* Release */,
			);
			defaultConfigurationIsVisible = 0;
			defaultConfigurationName = Release;
		};
/* End XCConfigurationList section */
	};
	rootObject = ECAC5B2E1F85E1E500AE7C44 /* Project object */;
}
